// !$*UTF8*$!
{
	archiveVersion = 1;
	classes = {
	};
	objectVersion = 56;
	objects = {

/* Begin PBXBuildFile section */
		FB15AEBB2C15C15F0076BC9B /* MovieDetailsCell.swift in Sources */ = {isa = PBXBuildFile; fileRef = FB15AEBA2C15C15F0076BC9B /* MovieDetailsCell.swift */; };
		FB15AEBD2C15C1AB0076BC9B /* CellViewModel.swift in Sources */ = {isa = PBXBuildFile; fileRef = FB15AEBC2C15C1AB0076BC9B /* CellViewModel.swift */; };
		FB15AEC02C15D7B30076BC9B /* FavoriteMovie.swift in Sources */ = {isa = PBXBuildFile; fileRef = FB15AEBF2C15D7B30076BC9B /* FavoriteMovie.swift */; };
		FB79DC562C109522008B8458 /* MoviesAppApp.swift in Sources */ = {isa = PBXBuildFile; fileRef = FB79DC552C109522008B8458 /* MoviesAppApp.swift */; };
		FB79DC582C109522008B8458 /* MainTabView.swift in Sources */ = {isa = PBXBuildFile; fileRef = FB79DC572C109522008B8458 /* MainTabView.swift */; };
		FB79DC5A2C109524008B8458 /* Assets.xcassets in Resources */ = {isa = PBXBuildFile; fileRef = FB79DC592C109524008B8458 /* Assets.xcassets */; };
		FB79DC5D2C109524008B8458 /* Preview Assets.xcassets in Resources */ = {isa = PBXBuildFile; fileRef = FB79DC5C2C109524008B8458 /* Preview Assets.xcassets */; };
		FB79DC642C109573008B8458 /* Movie.swift in Sources */ = {isa = PBXBuildFile; fileRef = FB79DC632C109573008B8458 /* Movie.swift */; };
		FB79DC672C10961F008B8458 /* Networking in Frameworks */ = {isa = PBXBuildFile; productRef = FB79DC662C10961F008B8458 /* Networking */; };
		FB79DC692C109784008B8458 /* MovieCollectionView.swift in Sources */ = {isa = PBXBuildFile; fileRef = FB79DC682C109784008B8458 /* MovieCollectionView.swift */; };
		FB79DC6B2C10979F008B8458 /* SearchView.swift in Sources */ = {isa = PBXBuildFile; fileRef = FB79DC6A2C10979F008B8458 /* SearchView.swift */; };
		FB79DC722C109B74008B8458 /* MovieCollectionViewModel.swift in Sources */ = {isa = PBXBuildFile; fileRef = FB79DC712C109B74008B8458 /* MovieCollectionViewModel.swift */; };
		FB79DC742C10C194008B8458 /* SearchViewModel.swift in Sources */ = {isa = PBXBuildFile; fileRef = FB79DC732C10C194008B8458 /* SearchViewModel.swift */; };
		FB79DC782C10FE76008B8458 /* MovieCell.swift in Sources */ = {isa = PBXBuildFile; fileRef = FB79DC772C10FE76008B8458 /* MovieCell.swift */; };
		FB79DC7A2C10FECB008B8458 /* MovieCellViewModel.swift in Sources */ = {isa = PBXBuildFile; fileRef = FB79DC792C10FECB008B8458 /* MovieCellViewModel.swift */; };
		FB89F6122C1334E400D543B6 /* MovieDetailsView.swift in Sources */ = {isa = PBXBuildFile; fileRef = FB89F6112C1334E400D543B6 /* MovieDetailsView.swift */; };
		FB89F6142C13385000D543B6 /* MovieDetailsViewModel.swift in Sources */ = {isa = PBXBuildFile; fileRef = FB89F6132C13385000D543B6 /* MovieDetailsViewModel.swift */; };
		FB89F6162C13A60800D543B6 /* Launch Screen.storyboard in Resources */ = {isa = PBXBuildFile; fileRef = FB89F6152C13A60800D543B6 /* Launch Screen.storyboard */; };
		FBD147132C151E8E00A76221 /* FavoritesView.swift in Sources */ = {isa = PBXBuildFile; fileRef = FBD147122C151E8E00A76221 /* FavoritesView.swift */; };
/* End PBXBuildFile section */

/* Begin PBXFileReference section */
		FB15AEBA2C15C15F0076BC9B /* MovieDetailsCell.swift */ = {isa = PBXFileReference; lastKnownFileType = sourcecode.swift; path = MovieDetailsCell.swift; sourceTree = "<group>"; };
		FB15AEBC2C15C1AB0076BC9B /* CellViewModel.swift */ = {isa = PBXFileReference; lastKnownFileType = sourcecode.swift; path = CellViewModel.swift; sourceTree = "<group>"; };
		FB15AEBF2C15D7B30076BC9B /* FavoriteMovie.swift */ = {isa = PBXFileReference; lastKnownFileType = sourcecode.swift; path = FavoriteMovie.swift; sourceTree = "<group>"; };
		FB79DC522C109522008B8458 /* MoviesApp.app */ = {isa = PBXFileReference; explicitFileType = wrapper.application; includeInIndex = 0; path = MoviesApp.app; sourceTree = BUILT_PRODUCTS_DIR; };
		FB79DC552C109522008B8458 /* MoviesAppApp.swift */ = {isa = PBXFileReference; lastKnownFileType = sourcecode.swift; path = MoviesAppApp.swift; sourceTree = "<group>"; };
		FB79DC572C109522008B8458 /* MainTabView.swift */ = {isa = PBXFileReference; lastKnownFileType = sourcecode.swift; path = MainTabView.swift; sourceTree = "<group>"; };
		FB79DC592C109524008B8458 /* Assets.xcassets */ = {isa = PBXFileReference; lastKnownFileType = folder.assetcatalog; path = Assets.xcassets; sourceTree = "<group>"; };
		FB79DC5C2C109524008B8458 /* Preview Assets.xcassets */ = {isa = PBXFileReference; lastKnownFileType = folder.assetcatalog; path = "Preview Assets.xcassets"; sourceTree = "<group>"; };
		FB79DC632C109573008B8458 /* Movie.swift */ = {isa = PBXFileReference; lastKnownFileType = sourcecode.swift; path = Movie.swift; sourceTree = "<group>"; };
		FB79DC682C109784008B8458 /* MovieCollectionView.swift */ = {isa = PBXFileReference; lastKnownFileType = sourcecode.swift; path = MovieCollectionView.swift; sourceTree = "<group>"; };
		FB79DC6A2C10979F008B8458 /* SearchView.swift */ = {isa = PBXFileReference; lastKnownFileType = sourcecode.swift; path = SearchView.swift; sourceTree = "<group>"; };
		FB79DC712C109B74008B8458 /* MovieCollectionViewModel.swift */ = {isa = PBXFileReference; lastKnownFileType = sourcecode.swift; path = MovieCollectionViewModel.swift; sourceTree = "<group>"; };
		FB79DC732C10C194008B8458 /* SearchViewModel.swift */ = {isa = PBXFileReference; lastKnownFileType = sourcecode.swift; path = SearchViewModel.swift; sourceTree = "<group>"; };
		FB79DC772C10FE76008B8458 /* MovieCell.swift */ = {isa = PBXFileReference; lastKnownFileType = sourcecode.swift; path = MovieCell.swift; sourceTree = "<group>"; };
		FB79DC792C10FECB008B8458 /* MovieCellViewModel.swift */ = {isa = PBXFileReference; lastKnownFileType = sourcecode.swift; path = MovieCellViewModel.swift; sourceTree = "<group>"; };
		FB89F6112C1334E400D543B6 /* MovieDetailsView.swift */ = {isa = PBXFileReference; lastKnownFileType = sourcecode.swift; path = MovieDetailsView.swift; sourceTree = "<group>"; };
		FB89F6132C13385000D543B6 /* MovieDetailsViewModel.swift */ = {isa = PBXFileReference; lastKnownFileType = sourcecode.swift; path = MovieDetailsViewModel.swift; sourceTree = "<group>"; };
		FB89F6152C13A60800D543B6 /* Launch Screen.storyboard */ = {isa = PBXFileReference; lastKnownFileType = file.storyboard; path = "Launch Screen.storyboard"; sourceTree = "<group>"; };
		FBD147122C151E8E00A76221 /* FavoritesView.swift */ = {isa = PBXFileReference; lastKnownFileType = sourcecode.swift; path = FavoritesView.swift; sourceTree = "<group>"; };
/* End PBXFileReference section */

/* Begin PBXFrameworksBuildPhase section */
		FB79DC4F2C109522008B8458 /* Frameworks */ = {
			isa = PBXFrameworksBuildPhase;
			buildActionMask = 2147483647;
			files = (
				FB79DC672C10961F008B8458 /* Networking in Frameworks */,
			);
			runOnlyForDeploymentPostprocessing = 0;
		};
/* End PBXFrameworksBuildPhase section */

/* Begin PBXGroup section */
		FB15AEBE2C15C3FC0076BC9B /* DetailsCell */ = {
			isa = PBXGroup;
			children = (
				FB15AEBA2C15C15F0076BC9B /* MovieDetailsCell.swift */,
				FB15AEBC2C15C1AB0076BC9B /* CellViewModel.swift */,
			);
			path = DetailsCell;
			sourceTree = "<group>";
		};
		FB79DC492C109522008B8458 = {
			isa = PBXGroup;
			children = (
				FB79DC542C109522008B8458 /* MoviesApp */,
				FB79DC532C109522008B8458 /* Products */,
			);
			sourceTree = "<group>";
		};
		FB79DC532C109522008B8458 /* Products */ = {
			isa = PBXGroup;
			children = (
				FB79DC522C109522008B8458 /* MoviesApp.app */,
			);
			name = Products;
			sourceTree = "<group>";
		};
		FB79DC542C109522008B8458 /* MoviesApp */ = {
			isa = PBXGroup;
			children = (
				FB79DC552C109522008B8458 /* MoviesAppApp.swift */,
				FB79DC702C109936008B8458 /* Models */,
				FB79DC6C2C109903008B8458 /* Scenes */,
				FB79DC7B2C1101E6008B8458 /* Components */,
				FB89F6172C13AF0300D543B6 /* Resources */,
				FB79DC5B2C109524008B8458 /* Preview Content */,
			);
			path = MoviesApp;
			sourceTree = "<group>";
		};
		FB79DC5B2C109524008B8458 /* Preview Content */ = {
			isa = PBXGroup;
			children = (
				FB79DC5C2C109524008B8458 /* Preview Assets.xcassets */,
			);
			path = "Preview Content";
			sourceTree = "<group>";
		};
		FB79DC6C2C109903008B8458 /* Scenes */ = {
			isa = PBXGroup;
			children = (
				FB79DC6D2C10990C008B8458 /* TabView */,
				FBD147112C151E7F00A76221 /* Favorites */,
				FB79DC6E2C10991B008B8458 /* MovieCollection */,
				FB79DC6F2C10992A008B8458 /* Search */,
				FB89F6102C1334A600D543B6 /* MovieDetails */,
			);
			path = Scenes;
			sourceTree = "<group>";
		};
		FB79DC6D2C10990C008B8458 /* TabView */ = {
			isa = PBXGroup;
			children = (
				FB79DC572C109522008B8458 /* MainTabView.swift */,
			);
			path = TabView;
			sourceTree = "<group>";
		};
		FB79DC6E2C10991B008B8458 /* MovieCollection */ = {
			isa = PBXGroup;
			children = (
				FB79DC682C109784008B8458 /* MovieCollectionView.swift */,
				FB79DC712C109B74008B8458 /* MovieCollectionViewModel.swift */,
			);
			path = MovieCollection;
			sourceTree = "<group>";
		};
		FB79DC6F2C10992A008B8458 /* Search */ = {
			isa = PBXGroup;
			children = (
				FB79DC6A2C10979F008B8458 /* SearchView.swift */,
				FB79DC732C10C194008B8458 /* SearchViewModel.swift */,
			);
			path = Search;
			sourceTree = "<group>";
		};
		FB79DC702C109936008B8458 /* Models */ = {
			isa = PBXGroup;
			children = (
				FB79DC632C109573008B8458 /* Movie.swift */,
				FB15AEBF2C15D7B30076BC9B /* FavoriteMovie.swift */,
			);
			path = Models;
			sourceTree = "<group>";
		};
		FB79DC7B2C1101E6008B8458 /* Components */ = {
			isa = PBXGroup;
			children = (
				FB15AEBE2C15C3FC0076BC9B /* DetailsCell */,
				FB79DC772C10FE76008B8458 /* MovieCell.swift */,
				FB79DC792C10FECB008B8458 /* MovieCellViewModel.swift */,
			);
			path = Components;
			sourceTree = "<group>";
		};
		FB89F6102C1334A600D543B6 /* MovieDetails */ = {
			isa = PBXGroup;
			children = (
				FB89F6112C1334E400D543B6 /* MovieDetailsView.swift */,
				FB89F6132C13385000D543B6 /* MovieDetailsViewModel.swift */,
			);
			path = MovieDetails;
			sourceTree = "<group>";
		};
		FB89F6172C13AF0300D543B6 /* Resources */ = {
			isa = PBXGroup;
			children = (
				FB79DC592C109524008B8458 /* Assets.xcassets */,
				FB89F6152C13A60800D543B6 /* Launch Screen.storyboard */,
			);
			path = Resources;
			sourceTree = "<group>";
		};
		FBD147112C151E7F00A76221 /* Favorites */ = {
			isa = PBXGroup;
			children = (
				FBD147122C151E8E00A76221 /* FavoritesView.swift */,
			);
			path = Favorites;
			sourceTree = "<group>";
		};
/* End PBXGroup section */

/* Begin PBXNativeTarget section */
		FB79DC512C109522008B8458 /* MoviesApp */ = {
			isa = PBXNativeTarget;
			buildConfigurationList = FB79DC602C109524008B8458 /* Build configuration list for PBXNativeTarget "MoviesApp" */;
			buildPhases = (
				FB79DC4E2C109522008B8458 /* Sources */,
				FB79DC4F2C109522008B8458 /* Frameworks */,
				FB79DC502C109522008B8458 /* Resources */,
			);
			buildRules = (
			);
			dependencies = (
			);
			name = MoviesApp;
			packageProductDependencies = (
				FB79DC662C10961F008B8458 /* Networking */,
			);
			productName = MoviesApp;
			productReference = FB79DC522C109522008B8458 /* MoviesApp.app */;
			productType = "com.apple.product-type.application";
		};
/* End PBXNativeTarget section */

/* Begin PBXProject section */
		FB79DC4A2C109522008B8458 /* Project object */ = {
			isa = PBXProject;
			attributes = {
				BuildIndependentTargetsInParallel = 1;
				LastSwiftUpdateCheck = 1540;
				LastUpgradeCheck = 1540;
				TargetAttributes = {
					FB79DC512C109522008B8458 = {
						CreatedOnToolsVersion = 15.4;
					};
				};
			};
			buildConfigurationList = FB79DC4D2C109522008B8458 /* Build configuration list for PBXProject "MoviesApp" */;
			compatibilityVersion = "Xcode 14.0";
			developmentRegion = en;
			hasScannedForEncodings = 0;
			knownRegions = (
				en,
				Base,
			);
			mainGroup = FB79DC492C109522008B8458;
			packageReferences = (
				FB79DC652C10961F008B8458 /* XCRemoteSwiftPackageReference "SimpleNetworking" */,
			);
			productRefGroup = FB79DC532C109522008B8458 /* Products */;
			projectDirPath = "";
			projectRoot = "";
			targets = (
				FB79DC512C109522008B8458 /* MoviesApp */,
			);
		};
/* End PBXProject section */

/* Begin PBXResourcesBuildPhase section */
		FB79DC502C109522008B8458 /* Resources */ = {
			isa = PBXResourcesBuildPhase;
			buildActionMask = 2147483647;
			files = (
				FB89F6162C13A60800D543B6 /* Launch Screen.storyboard in Resources */,
				FB79DC5D2C109524008B8458 /* Preview Assets.xcassets in Resources */,
				FB79DC5A2C109524008B8458 /* Assets.xcassets in Resources */,
			);
			runOnlyForDeploymentPostprocessing = 0;
		};
/* End PBXResourcesBuildPhase section */

/* Begin PBXSourcesBuildPhase section */
		FB79DC4E2C109522008B8458 /* Sources */ = {
			isa = PBXSourcesBuildPhase;
			buildActionMask = 2147483647;
			files = (
				FB79DC6B2C10979F008B8458 /* SearchView.swift in Sources */,
				FB79DC742C10C194008B8458 /* SearchViewModel.swift in Sources */,
				FB79DC782C10FE76008B8458 /* MovieCell.swift in Sources */,
				FB79DC722C109B74008B8458 /* MovieCollectionViewModel.swift in Sources */,
				FB89F6122C1334E400D543B6 /* MovieDetailsView.swift in Sources */,
				FB89F6142C13385000D543B6 /* MovieDetailsViewModel.swift in Sources */,
				FB79DC7A2C10FECB008B8458 /* MovieCellViewModel.swift in Sources */,
				FB15AEC02C15D7B30076BC9B /* FavoriteMovie.swift in Sources */,
				FB15AEBB2C15C15F0076BC9B /* MovieDetailsCell.swift in Sources */,
				FB79DC692C109784008B8458 /* MovieCollectionView.swift in Sources */,
				FBD147132C151E8E00A76221 /* FavoritesView.swift in Sources */,
				FB15AEBD2C15C1AB0076BC9B /* CellViewModel.swift in Sources */,
				FB79DC582C109522008B8458 /* MainTabView.swift in Sources */,
				FB79DC562C109522008B8458 /* MoviesAppApp.swift in Sources */,
				FB79DC642C109573008B8458 /* Movie.swift in Sources */,
			);
			runOnlyForDeploymentPostprocessing = 0;
		};
/* End PBXSourcesBuildPhase section */

/* Begin XCBuildConfiguration section */
		FB79DC5E2C109524008B8458 /* Debug */ = {
			isa = XCBuildConfiguration;
			buildSettings = {
				ALWAYS_SEARCH_USER_PATHS = NO;
				ASSETCATALOG_COMPILER_GENERATE_SWIFT_ASSET_SYMBOL_EXTENSIONS = YES;
				CLANG_ANALYZER_NONNULL = YES;
				CLANG_ANALYZER_NUMBER_OBJECT_CONVERSION = YES_AGGRESSIVE;
				CLANG_CXX_LANGUAGE_STANDARD = "gnu++20";
				CLANG_ENABLE_MODULES = YES;
				CLANG_ENABLE_OBJC_ARC = YES;
				CLANG_ENABLE_OBJC_WEAK = YES;
				CLANG_WARN_BLOCK_CAPTURE_AUTORELEASING = YES;
				CLANG_WARN_BOOL_CONVERSION = YES;
				CLANG_WARN_COMMA = YES;
				CLANG_WARN_CONSTANT_CONVERSION = YES;
				CLANG_WARN_DEPRECATED_OBJC_IMPLEMENTATIONS = YES;
				CLANG_WARN_DIRECT_OBJC_ISA_USAGE = YES_ERROR;
				CLANG_WARN_DOCUMENTATION_COMMENTS = YES;
				CLANG_WARN_EMPTY_BODY = YES;
				CLANG_WARN_ENUM_CONVERSION = YES;
				CLANG_WARN_INFINITE_RECURSION = YES;
				CLANG_WARN_INT_CONVERSION = YES;
				CLANG_WARN_NON_LITERAL_NULL_CONVERSION = YES;
				CLANG_WARN_OBJC_IMPLICIT_RETAIN_SELF = YES;
				CLANG_WARN_OBJC_LITERAL_CONVERSION = YES;
				CLANG_WARN_OBJC_ROOT_CLASS = YES_ERROR;
				CLANG_WARN_QUOTED_INCLUDE_IN_FRAMEWORK_HEADER = YES;
				CLANG_WARN_RANGE_LOOP_ANALYSIS = YES;
				CLANG_WARN_STRICT_PROTOTYPES = YES;
				CLANG_WARN_SUSPICIOUS_MOVE = YES;
				CLANG_WARN_UNGUARDED_AVAILABILITY = YES_AGGRESSIVE;
				CLANG_WARN_UNREACHABLE_CODE = YES;
				CLANG_WARN__DUPLICATE_METHOD_MATCH = YES;
				COPY_PHASE_STRIP = NO;
				DEBUG_INFORMATION_FORMAT = dwarf;
				ENABLE_STRICT_OBJC_MSGSEND = YES;
				ENABLE_TESTABILITY = YES;
				ENABLE_USER_SCRIPT_SANDBOXING = YES;
				GCC_C_LANGUAGE_STANDARD = gnu17;
				GCC_DYNAMIC_NO_PIC = NO;
				GCC_NO_COMMON_BLOCKS = YES;
				GCC_OPTIMIZATION_LEVEL = 0;
				GCC_PREPROCESSOR_DEFINITIONS = (
					"DEBUG=1",
					"$(inherited)",
				);
				GCC_WARN_64_TO_32_BIT_CONVERSION = YES;
				GCC_WARN_ABOUT_RETURN_TYPE = YES_ERROR;
				GCC_WARN_UNDECLARED_SELECTOR = YES;
				GCC_WARN_UNINITIALIZED_AUTOS = YES_AGGRESSIVE;
				GCC_WARN_UNUSED_FUNCTION = YES;
				GCC_WARN_UNUSED_VARIABLE = YES;
				IPHONEOS_DEPLOYMENT_TARGET = 17.5;
				LOCALIZATION_PREFERS_STRING_CATALOGS = YES;
				MTL_ENABLE_DEBUG_INFO = INCLUDE_SOURCE;
				MTL_FAST_MATH = YES;
				ONLY_ACTIVE_ARCH = YES;
				SDKROOT = iphoneos;
				SWIFT_ACTIVE_COMPILATION_CONDITIONS = "DEBUG $(inherited)";
				SWIFT_OPTIMIZATION_LEVEL = "-Onone";
			};
			name = Debug;
		};
		FB79DC5F2C109524008B8458 /* Release */ = {
			isa = XCBuildConfiguration;
			buildSettings = {
				ALWAYS_SEARCH_USER_PATHS = NO;
				ASSETCATALOG_COMPILER_GENERATE_SWIFT_ASSET_SYMBOL_EXTENSIONS = YES;
				CLANG_ANALYZER_NONNULL = YES;
				CLANG_ANALYZER_NUMBER_OBJECT_CONVERSION = YES_AGGRESSIVE;
				CLANG_CXX_LANGUAGE_STANDARD = "gnu++20";
				CLANG_ENABLE_MODULES = YES;
				CLANG_ENABLE_OBJC_ARC = YES;
				CLANG_ENABLE_OBJC_WEAK = YES;
				CLANG_WARN_BLOCK_CAPTURE_AUTORELEASING = YES;
				CLANG_WARN_BOOL_CONVERSION = YES;
				CLANG_WARN_COMMA = YES;
				CLANG_WARN_CONSTANT_CONVERSION = YES;
				CLANG_WARN_DEPRECATED_OBJC_IMPLEMENTATIONS = YES;
				CLANG_WARN_DIRECT_OBJC_ISA_USAGE = YES_ERROR;
				CLANG_WARN_DOCUMENTATION_COMMENTS = YES;
				CLANG_WARN_EMPTY_BODY = YES;
				CLANG_WARN_ENUM_CONVERSION = YES;
				CLANG_WARN_INFINITE_RECURSION = YES;
				CLANG_WARN_INT_CONVERSION = YES;
				CLANG_WARN_NON_LITERAL_NULL_CONVERSION = YES;
				CLANG_WARN_OBJC_IMPLICIT_RETAIN_SELF = YES;
				CLANG_WARN_OBJC_LITERAL_CONVERSION = YES;
				CLANG_WARN_OBJC_ROOT_CLASS = YES_ERROR;
				CLANG_WARN_QUOTED_INCLUDE_IN_FRAMEWORK_HEADER = YES;
				CLANG_WARN_RANGE_LOOP_ANALYSIS = YES;
				CLANG_WARN_STRICT_PROTOTYPES = YES;
				CLANG_WARN_SUSPICIOUS_MOVE = YES;
				CLANG_WARN_UNGUARDED_AVAILABILITY = YES_AGGRESSIVE;
				CLANG_WARN_UNREACHABLE_CODE = YES;
				CLANG_WARN__DUPLICATE_METHOD_MATCH = YES;
				COPY_PHASE_STRIP = NO;
				DEBUG_INFORMATION_FORMAT = "dwarf-with-dsym";
				ENABLE_NS_ASSERTIONS = NO;
				ENABLE_STRICT_OBJC_MSGSEND = YES;
				ENABLE_USER_SCRIPT_SANDBOXING = YES;
				GCC_C_LANGUAGE_STANDARD = gnu17;
				GCC_NO_COMMON_BLOCKS = YES;
				GCC_WARN_64_TO_32_BIT_CONVERSION = YES;
				GCC_WARN_ABOUT_RETURN_TYPE = YES_ERROR;
				GCC_WARN_UNDECLARED_SELECTOR = YES;
				GCC_WARN_UNINITIALIZED_AUTOS = YES_AGGRESSIVE;
				GCC_WARN_UNUSED_FUNCTION = YES;
				GCC_WARN_UNUSED_VARIABLE = YES;
				IPHONEOS_DEPLOYMENT_TARGET = 17.5;
				LOCALIZATION_PREFERS_STRING_CATALOGS = YES;
				MTL_ENABLE_DEBUG_INFO = NO;
				MTL_FAST_MATH = YES;
				SDKROOT = iphoneos;
				SWIFT_COMPILATION_MODE = wholemodule;
				VALIDATE_PRODUCT = YES;
			};
			name = Release;
		};
		FB79DC612C109524008B8458 /* Debug */ = {
			isa = XCBuildConfiguration;
			buildSettings = {
				ASSETCATALOG_COMPILER_APPICON_NAME = AppIcon;
				ASSETCATALOG_COMPILER_GLOBAL_ACCENT_COLOR_NAME = AccentColor;
				CODE_SIGN_STYLE = Automatic;
				CURRENT_PROJECT_VERSION = 1;
				DEVELOPMENT_ASSET_PATHS = "\"MoviesApp/Preview Content\"";
				ENABLE_PREVIEWS = YES;
				GENERATE_INFOPLIST_FILE = YES;
				INFOPLIST_KEY_UIApplicationSceneManifest_Generation = YES;
				INFOPLIST_KEY_UIApplicationSupportsIndirectInputEvents = YES;
				INFOPLIST_KEY_UILaunchScreen_Generation = YES;
				INFOPLIST_KEY_UILaunchStoryboardName = "Launch Screen.storyboard";
				INFOPLIST_KEY_UISupportedInterfaceOrientations_iPad = "UIInterfaceOrientationPortrait UIInterfaceOrientationPortraitUpsideDown UIInterfaceOrientationLandscapeLeft UIInterfaceOrientationLandscapeRight";
				INFOPLIST_KEY_UISupportedInterfaceOrientations_iPhone = "UIInterfaceOrientationPortrait UIInterfaceOrientationLandscapeLeft UIInterfaceOrientationLandscapeRight";
				LD_RUNPATH_SEARCH_PATHS = (
					"$(inherited)",
					"@executable_path/Frameworks",
				);
				MARKETING_VERSION = 1.0;
				PRODUCT_BUNDLE_IDENTIFIER = TBC.MoviesApp;
				PRODUCT_NAME = "$(TARGET_NAME)";
				SWIFT_EMIT_LOC_STRINGS = YES;
				SWIFT_VERSION = 5.0;
				TARGETED_DEVICE_FAMILY = "1,2";
			};
			name = Debug;
		};
		FB79DC622C109524008B8458 /* Release */ = {
			isa = XCBuildConfiguration;
			buildSettings = {
				ASSETCATALOG_COMPILER_APPICON_NAME = AppIcon;
				ASSETCATALOG_COMPILER_GLOBAL_ACCENT_COLOR_NAME = AccentColor;
				CODE_SIGN_STYLE = Automatic;
				CURRENT_PROJECT_VERSION = 1;
				DEVELOPMENT_ASSET_PATHS = "\"MoviesApp/Preview Content\"";
				ENABLE_PREVIEWS = YES;
				GENERATE_INFOPLIST_FILE = YES;
				INFOPLIST_KEY_UIApplicationSceneManifest_Generation = YES;
				INFOPLIST_KEY_UIApplicationSupportsIndirectInputEvents = YES;
				INFOPLIST_KEY_UILaunchScreen_Generation = YES;
				INFOPLIST_KEY_UILaunchStoryboardName = "Launch Screen.storyboard";
				INFOPLIST_KEY_UISupportedInterfaceOrientations_iPad = "UIInterfaceOrientationPortrait UIInterfaceOrientationPortraitUpsideDown UIInterfaceOrientationLandscapeLeft UIInterfaceOrientationLandscapeRight";
				INFOPLIST_KEY_UISupportedInterfaceOrientations_iPhone = "UIInterfaceOrientationPortrait UIInterfaceOrientationLandscapeLeft UIInterfaceOrientationLandscapeRight";
				LD_RUNPATH_SEARCH_PATHS = (
					"$(inherited)",
					"@executable_path/Frameworks",
				);
				MARKETING_VERSION = 1.0;
				PRODUCT_BUNDLE_IDENTIFIER = TBC.MoviesApp;
				PRODUCT_NAME = "$(TARGET_NAME)";
				SWIFT_EMIT_LOC_STRINGS = YES;
				SWIFT_VERSION = 5.0;
				TARGETED_DEVICE_FAMILY = "1,2";
			};
			name = Release;
		};
/* End XCBuildConfiguration section */

/* Begin XCConfigurationList section */
		FB79DC4D2C109522008B8458 /* Build configuration list for PBXProject "MoviesApp" */ = {
			isa = XCConfigurationList;
			buildConfigurations = (
				FB79DC5E2C109524008B8458 /* Debug */,
				FB79DC5F2C109524008B8458 /* Release */,
			);
			defaultConfigurationIsVisible = 0;
			defaultConfigurationName = Release;
		};
		FB79DC602C109524008B8458 /* Build configuration list for PBXNativeTarget "MoviesApp" */ = {
			isa = XCConfigurationList;
			buildConfigurations = (
				FB79DC612C109524008B8458 /* Debug */,
				FB79DC622C109524008B8458 /* Release */,
			);
			defaultConfigurationIsVisible = 0;
			defaultConfigurationName = Release;
		};
/* End XCConfigurationList section */

/* Begin XCRemoteSwiftPackageReference section */
		FB79DC652C10961F008B8458 /* XCRemoteSwiftPackageReference "SimpleNetworking" */ = {
			isa = XCRemoteSwiftPackageReference;
			repositoryURL = "https://github.com/BakarKharabadze/SimpleNetworking";
			requirement = {
				branch = main;
				kind = branch;
			};
		};
/* End XCRemoteSwiftPackageReference section */

/* Begin XCSwiftPackageProductDependency section */
		FB79DC662C10961F008B8458 /* Networking */ = {
			isa = XCSwiftPackageProductDependency;
			package = FB79DC652C10961F008B8458 /* XCRemoteSwiftPackageReference "SimpleNetworking" */;
			productName = Networking;
		};
/* End XCSwiftPackageProductDependency section */
	};
	rootObject = FB79DC4A2C109522008B8458 /* Project object */;
}
